
Microsoft Visual Studio Solution File, Format Version 12.00
Project("{FAE04EC0-301F-11D3-BF4B-00C04F79EFBC}") = "LoggingCodefirst", "LoggingCodefirst\LoggingCodefirst.csproj", "{C6D126A8-99E4-4C28-BE97-3E65169112C5}"
EndProject
Project("{FAE04EC0-301F-11D3-BF4B-00C04F79EFBC}") = "Tests", "Tests\Tests.csproj", "{FE294BE7-5FB1-4E88-9EAC-452F020083CF}"
EndProject
Global
	GlobalSection(SolutionConfigurationPlatforms) = preSolution
		Debug|Any CPU = Debug|Any CPU
		Release|Any CPU = Release|Any CPU
	EndGlobalSection
	GlobalSection(ProjectConfigurationPlatforms) = postSolution
		{C6D126A8-99E4-4C28-BE97-3E65169112C5}.Debug|Any CPU.ActiveCfg = Debug|Any CPU
		{C6D126A8-99E4-4C28-BE97-3E65169112C5}.Debug|Any CPU.Build.0 = Debug|Any CPU
		{C6D126A8-99E4-4C28-BE97-3E65169112C5}.Release|Any CPU.ActiveCfg = Release|Any CPU
		{C6D126A8-99E4-4C28-BE97-3E65169112C5}.Release|Any CPU.Build.0 = Release|Any CPU
		{FE294BE7-5FB1-4E88-9EAC-452F020083CF}.Debug|Any CPU.ActiveCfg = Debug|Any CPU
		{FE294BE7-5FB1-4E88-9EAC-452F020083CF}.Debug|Any CPU.Build.0 = Debug|Any CPU
		{FE294BE7-5FB1-4E88-9EAC-452F020083CF}.Release|Any CPU.ActiveCfg = Release|Any CPU
		{FE294BE7-5FB1-4E88-9EAC-452F020083CF}.Release|Any CPU.Build.0 = Release|Any CPU
	EndGlobalSection
EndGlobal
